
Microsoft Visual Studio Solution File, Format Version 12.00
# Visual Studio Version 17
VisualStudioVersion = 17.5.002.0
MinimumVisualStudioVersion = 10.0.40219.1
Project("{9A19103F-16F7-4668-BE54-9A1E7A4F7556}") = "FinSharkAPI", "FinSharkAPI.csproj", "{DBC09DE6-8042-440D-B53F-19501F788528}"
EndProject
Global
	GlobalSection(SolutionConfigurationPlatforms) = preSolution
		Debug|Any CPU = Debug|Any CPU
		Release|Any CPU = Release|Any CPU
	EndGlobalSection
	GlobalSection(ProjectConfigurationPlatforms) = postSolution
		{DBC09DE6-8042-440D-B53F-19501F788528}.Debug|Any CPU.ActiveCfg = Debug|Any CPU
		{DBC09DE6-8042-440D-B53F-19501F788528}.Debug|Any CPU.Build.0 = Debug|Any CPU
		{DBC09DE6-8042-440D-B53F-19501F788528}.Release|Any CPU.ActiveCfg = Release|Any CPU
		{DBC09DE6-8042-440D-B53F-19501F788528}.Release|Any CPU.Build.0 = Release|Any CPU
	EndGlobalSection
	GlobalSection(SolutionProperties) = preSolution
		HideSolutionNode = FALSE
	EndGlobalSection
	GlobalSection(ExtensibilityGlobals) = postSolution
		SolutionGuid = {5C9CEC1D-03F4-48C1-8401-50886587177F}
	EndGlobalSection
EndGlobal
